
Microsoft Visual Studio Solution File, Format Version 12.00
# Visual Studio 2013
VisualStudioVersion = 12.0.21005.1
MinimumVisualStudioVersion = 10.0.40219.1
Project("{FAE04EC0-301F-11D3-BF4B-00C04F79EFBC}") = "PJMCoefficientGenerator", "PJMCoefficientGenerator\PJMCoefficientGenerator.csproj", "{1E34E3CA-D40B-434A-90E7-BD731EA24108}"
EndProject
Project("{FAE04EC0-301F-11D3-BF4B-00C04F79EFBC}") = "FormualSpecs", "FormualSpecs\FormualSpecs.csproj", "{B8CEF93F-C8AD-4C71-9FEE-7F526B02FCCE}"
EndProject
Project("{2150E333-8FDC-42A3-9474-1A3956D46DE8}") = ".nuget", ".nuget", "{21B2F0CB-7A2C-4662-BDE0-C28E84B0E91D}"
	ProjectSection(SolutionItems) = preProject
		.nuget\packages.config = .nuget\packages.config
	EndProjectSection
EndProject
Global
	GlobalSection(SolutionConfigurationPlatforms) = preSolution
		Debug|Any CPU = Debug|Any CPU
		Release|Any CPU = Release|Any CPU
	EndGlobalSection
	GlobalSection(ProjectConfigurationPlatforms) = postSolution
		{1E34E3CA-D40B-434A-90E7-BD731EA24108}.Debug|Any CPU.ActiveCfg = Debug|Any CPU
		{1E34E3CA-D40B-434A-90E7-BD731EA24108}.Debug|Any CPU.Build.0 = Debug|Any CPU
		{1E34E3CA-D40B-434A-90E7-BD731EA24108}.Release|Any CPU.ActiveCfg = Release|Any CPU
		{1E34E3CA-D40B-434A-90E7-BD731EA24108}.Release|Any CPU.Build.0 = Release|Any CPU
		{B8CEF93F-C8AD-4C71-9FEE-7F526B02FCCE}.Debug|Any CPU.ActiveCfg = Debug|Any CPU
		{B8CEF93F-C8AD-4C71-9FEE-7F526B02FCCE}.Debug|Any CPU.Build.0 = Debug|Any CPU
		{B8CEF93F-C8AD-4C71-9FEE-7F526B02FCCE}.Release|Any CPU.ActiveCfg = Release|Any CPU
		{B8CEF93F-C8AD-4C71-9FEE-7F526B02FCCE}.Release|Any CPU.Build.0 = Release|Any CPU
	EndGlobalSection
	GlobalSection(SolutionProperties) = preSolution
		HideSolutionNode = FALSE
	EndGlobalSection
EndGlobal
